{
  "name": "hono-api-kerja-praktik",
  "lockfileVersion": 3,
  "requires": true,
  "packages": {
    "": {
      "name": "hono-api-kerja-praktik",
      "dependencies": {
        "@hono/zod-validator": "^0.4.3",
        "@prisma/client": "6.6.0",
        "@types/nodemailer": "^6.4.17",
        "colorette": "^2.0.20",
        "fuse.js": "^7.1.0",
        "hono": "^4.7.7",
        "nodemailer": "^7.0.4",
        "prisma": "^6.6.0",
        "simple-crypto-js": "^3.0.1",
        "zod": "^3.24.3"
      },
      "devDependencies": {
        "@types/bun": "latest"
      }
    },
    "node_modules/@esbuild/win32-x64": {
      "version": "0.25.2",
      "cpu": [
        "x64"
      ],
      "license": "MIT",
      "optional": true,
      "os": [
        "win32"
      ],
      "engines": {
        "node": ">=18"
      }
    },
    "node_modules/@hono/zod-validator": {
      "version": "0.4.3",
      "license": "MIT",
      "peerDependencies": {
        "hono": ">=3.9.0",
        "zod": "^3.19.1"
      }
    },
    "node_modules/@prisma/client": {
      "version": "6.6.0",
      "hasInstallScript": true,
      "license": "Apache-2.0",
      "engines": {
        "node": ">=18.18"
      },
      "peerDependencies": {
        "prisma": "*",
        "typescript": ">=5.1.0"
      },
      "peerDependenciesMeta": {
        "prisma": {
          "optional": true
        },
        "typescript": {
          "optional": true
        }
      }
    },
    "node_modules/@prisma/config": {
      "version": "6.6.0",
      "license": "Apache-2.0",
      "dependencies": {
        "esbuild": ">=0.12 <1",
        "esbuild-register": "3.6.0"
      }
    },
    "node_modules/@prisma/debug": {
      "version": "6.6.0",
      "license": "Apache-2.0"
    },
    "node_modules/@prisma/engines": {
      "version": "6.6.0",
      "hasInstallScript": true,
      "license": "Apache-2.0",
      "dependencies": {
        "@prisma/debug": "6.6.0",
        "@prisma/engines-version": "6.6.0-53.f676762280b54cd07c770017ed3711ddde35f37a",
        "@prisma/fetch-engine": "6.6.0",
        "@prisma/get-platform": "6.6.0"
      }
    },
    "node_modules/@prisma/engines-version": {
      "version": "6.6.0-53.f676762280b54cd07c770017ed3711ddde35f37a",
      "license": "Apache-2.0"
    },
    "node_modules/@prisma/fetch-engine": {
      "version": "6.6.0",
      "license": "Apache-2.0",
      "dependencies": {
        "@prisma/debug": "6.6.0",
        "@prisma/engines-version": "6.6.0-53.f676762280b54cd07c770017ed3711ddde35f37a",
        "@prisma/get-platform": "6.6.0"
      }
    },
    "node_modules/@prisma/get-platform": {
      "version": "6.6.0",
      "license": "Apache-2.0",
      "dependencies": {
        "@prisma/debug": "6.6.0"
      }
    },
    "node_modules/@types/bun": {
      "version": "1.2.23",
      "resolved": "https://registry.npmjs.org/@types/bun/-/bun-1.2.23.tgz",
      "integrity": "sha512-le8ueOY5b6VKYf19xT3McVbXqLqmxzPXHsQT/q9JHgikJ2X22wyTW3g3ohz2ZMnp7dod6aduIiq8A14Xyimm0A==",
      "dev": true,
      "license": "MIT",
      "dependencies": {
        "bun-types": "1.2.23"
      }
    },
    "node_modules/@types/node": {
      "version": "22.14.1",
      "license": "MIT",
      "dependencies": {
        "undici-types": "~6.21.0"
      }
    },
    "node_modules/@types/nodemailer": {
      "version": "6.4.17",
      "license": "MIT",
      "dependencies": {
        "@types/node": "*"
      }
    },
    "node_modules/@types/react": {
      "version": "19.2.2",
      "resolved": "https://registry.npmjs.org/@types/react/-/react-19.2.2.tgz",
      "integrity": "sha512-6mDvHUFSjyT2B2yeNx2nUgMxh9LtOWvkhIU3uePn2I2oyNymUAX1NIsdgviM4CH+JSrp2D2hsMvJOkxY+0wNRA==",
      "dev": true,
      "license": "MIT",
      "peer": true,
      "dependencies": {
        "csstype": "^3.0.2"
      }
    },
    "node_modules/bun-types": {
      "version": "1.2.23",
      "resolved": "https://registry.npmjs.org/bun-types/-/bun-types-1.2.23.tgz",
      "integrity": "sha512-R9f0hKAZXgFU3mlrA0YpE/fiDvwV0FT9rORApt2aQVWSuJDzZOyB5QLc0N/4HF57CS8IXJ6+L5E4W1bW6NS2Aw==",
      "dev": true,
      "license": "MIT",
      "dependencies": {
        "@types/node": "*"
      },
      "peerDependencies": {
        "@types/react": "^19"
      }
    },
    "node_modules/colorette": {
      "version": "2.0.20",
      "license": "MIT"
    },
    "node_modules/crypto-js": {
      "version": "4.2.0",
      "license": "MIT"
    },
    "node_modules/csstype": {
      "version": "3.1.3",
      "resolved": "https://registry.npmjs.org/csstype/-/csstype-3.1.3.tgz",
      "integrity": "sha512-M1uQkMl8rQK/szD0LNhtqxIPLpimGm8sOBwU7lLnCpSbTyY3yeU1Vc7l4KT5zT4s/yOxHH5O7tIuuLOCnLADRw==",
      "dev": true,
      "license": "MIT",
      "peer": true
    },
    "node_modules/debug": {
      "version": "4.4.0",
      "license": "MIT",
      "dependencies": {
        "ms": "^2.1.3"
      },
      "engines": {
        "node": ">=6.0"
      },
      "peerDependenciesMeta": {
        "supports-color": {
          "optional": true
        }
      }
    },
    "node_modules/esbuild": {
      "version": "0.25.2",
      "hasInstallScript": true,
      "license": "MIT",
      "bin": {
        "esbuild": "bin/esbuild"
      },
      "engines": {
        "node": ">=18"
      },
      "optionalDependencies": {
        "@esbuild/aix-ppc64": "0.25.2",
        "@esbuild/android-arm": "0.25.2",
        "@esbuild/android-arm64": "0.25.2",
        "@esbuild/android-x64": "0.25.2",
        "@esbuild/darwin-arm64": "0.25.2",
        "@esbuild/darwin-x64": "0.25.2",
        "@esbuild/freebsd-arm64": "0.25.2",
        "@esbuild/freebsd-x64": "0.25.2",
        "@esbuild/linux-arm": "0.25.2",
        "@esbuild/linux-arm64": "0.25.2",
        "@esbuild/linux-ia32": "0.25.2",
        "@esbuild/linux-loong64": "0.25.2",
        "@esbuild/linux-mips64el": "0.25.2",
        "@esbuild/linux-ppc64": "0.25.2",
        "@esbuild/linux-riscv64": "0.25.2",
        "@esbuild/linux-s390x": "0.25.2",
        "@esbuild/linux-x64": "0.25.2",
        "@esbuild/netbsd-arm64": "0.25.2",
        "@esbuild/netbsd-x64": "0.25.2",
        "@esbuild/openbsd-arm64": "0.25.2",
        "@esbuild/openbsd-x64": "0.25.2",
        "@esbuild/sunos-x64": "0.25.2",
        "@esbuild/win32-arm64": "0.25.2",
        "@esbuild/win32-ia32": "0.25.2",
        "@esbuild/win32-x64": "0.25.2"
      }
    },
    "node_modules/esbuild-register": {
      "version": "3.6.0",
      "license": "MIT",
      "dependencies": {
        "debug": "^4.3.4"
      },
      "peerDependencies": {
        "esbuild": ">=0.12 <1"
      }
    },
    "node_modules/fuse.js": {
      "version": "7.1.0",
      "resolved": "https://registry.npmjs.org/fuse.js/-/fuse.js-7.1.0.tgz",
      "integrity": "sha512-trLf4SzuuUxfusZADLINj+dE8clK1frKdmqiJNb1Es75fmI5oY6X2mxLVUciLLjxqw/xr72Dhy+lER6dGd02FQ==",
      "license": "Apache-2.0",
      "engines": {
        "node": ">=10"
      }
    },
    "node_modules/hono": {
      "version": "4.7.7",
      "license": "MIT",
      "engines": {
        "node": ">=16.9.0"
      }
    },
    "node_modules/ms": {
      "version": "2.1.3",
      "license": "MIT"
    },
    "node_modules/nodemailer": {
      "version": "7.0.4",
      "license": "MIT-0",
      "engines": {
        "node": ">=6.0.0"
      }
    },
    "node_modules/prisma": {
      "version": "6.6.0",
      "hasInstallScript": true,
      "license": "Apache-2.0",
      "dependencies": {
        "@prisma/config": "6.6.0",
        "@prisma/engines": "6.6.0"
      },
      "bin": {
        "prisma": "build/index.js"
      },
      "engines": {
        "node": ">=18.18"
      },
      "optionalDependencies": {
        "fsevents": "2.3.3"
      },
      "peerDependencies": {
        "typescript": ">=5.1.0"
      },
      "peerDependenciesMeta": {
        "typescript": {
          "optional": true
        }
      }
    },
    "node_modules/simple-crypto-js": {
      "version": "3.0.1",
      "license": "MIT",
      "dependencies": {
        "crypto-js": "^4.1.1"
      }
    },
    "node_modules/undici-types": {
      "version": "6.21.0",
      "license": "MIT"
    },
    "node_modules/zod": {
      "version": "3.24.3",
      "license": "MIT",
      "funding": {
        "url": "https://github.com/sponsors/colinhacks"
      }
    }
  }
}
